# This file is automatically @generated by Cargo.
# It is not intended for manual editing.
version = 4

[[package]]
name = "g6q-cli"
version = "0.1.0"
dependencies = [
 "g6q-core",
 "g6q-diag",
 "g6q-dts",
 "g6q-emit-args",
 "g6q-emit-qemu",
 "g6q-flist",
 "g6q-svcfg",
 "g6q-vm",
]

[[package]]
name = "g6q-core"
version = "0.1.0"

[[package]]
name = "g6q-diag"
version = "0.1.0"
dependencies = [
 "g6q-core",
]

[[package]]
name = "g6q-dts"
version = "0.1.0"

[[package]]
name = "g6q-emit-args"
version = "0.1.0"
dependencies = [
 "g6q-core",
]

[[package]]
name = "g6q-emit-qemu"
version = "0.1.0"
dependencies = [
 "g6q-core",
]

[[package]]
name = "g6q-flist"
version = "0.1.0"

[[package]]
name = "g6q-svcfg"
version = "0.1.0"

[[package]]
name = "g6q-vm"
version = "0.1.0"
dependencies = [
 "g6q-core",
]
