# This file is automatically @generated by Cargo.
# It is not intended for manual editing.
version = 4

[[package]]
name = "g6b-asm"
version = "0.1.0"
dependencies = [
 "g6b-spec",
]

[[package]]
name = "g6b-cli"
version = "0.1.0"
dependencies = [
 "g6b-design",
 "g6b-doldoc",
 "g6b-elf",
 "g6b-holyc",
 "g6b-http",
 "g6b-kernel",
 "g6b-spec",
]

[[package]]
name = "g6b-design"
version = "0.1.0"
dependencies = [
 "g6b-asm",
 "g6b-gr",
 "g6b-spec",
 "g6b-tls",
 "g6b-ui",
 "g6b-wasm",
 "g6b-webidl",
]

[[package]]
name = "g6b-doldoc"
version = "0.1.0"

[[package]]
name = "g6b-dom"
version = "0.1.0"

[[package]]
name = "g6b-elf"
version = "0.1.0"
dependencies = [
 "g6b-asm",
 "g6b-kernel",
 "g6b-spec",
]

[[package]]
name = "g6b-fs"
version = "0.1.0"
dependencies = [
 "g6b-spec",
]

[[package]]
name = "g6b-gr"
version = "0.1.0"
dependencies = [
 "g6b-spec",
]

[[package]]
name = "g6b-holyc"
version = "0.1.0"
dependencies = [
 "g6b-asm",
 "g6b-fs",
 "g6b-http",
 "g6b-tls",
]

[[package]]
name = "g6b-html"
version = "0.1.0"
dependencies = [
 "g6b-dom",
]

[[package]]
name = "g6b-http"
version = "0.1.0"
dependencies = [
 "g6b-fs",
 "g6b-spec",
 "g6b-tls",
 "g6b-wasm",
]

[[package]]
name = "g6b-js"
version = "0.1.0"
dependencies = [
 "g6b-dom",
 "g6b-webidl",
]

[[package]]
name = "g6b-kernel"
version = "0.1.0"
dependencies = [
 "g6b-design",
 "g6b-dom",
 "g6b-gr",
 "g6b-holyc",
 "g6b-html",
 "g6b-http",
 "g6b-js",
 "g6b-spec",
 "g6b-ui",
 "g6b-wasm",
]

[[package]]
name = "g6b-spec"
version = "0.1.0"

[[package]]
name = "g6b-tls"
version = "0.1.0"

[[package]]
name = "g6b-ui"
version = "0.1.0"
dependencies = [
 "g6b-spec",
]

[[package]]
name = "g6b-wasm"
version = "0.1.0"
dependencies = [
 "g6b-asm",
 "g6b-dom",
]

[[package]]
name = "g6b-webidl"
version = "0.1.0"
